{
  "name": "brid.me",
  "version": "1.0.0",
  "lockfileVersion": 1,
  "requires": true,
  "dependencies": {
    "warpjs": {
      "version": "1.0.8",
      "resolved": "https://registry.npmjs.org/warpjs/-/warpjs-1.0.8.tgz",
      "integrity": "sha512-WBlSYafy87MFhH3azS0mN10novFhwXFjOXT397wNtJaGMUIKwv0NRyOIuEA0VvAIWViUi+kgeEVc4wCMb6K8ig==",
      "dev": true
    }
  }
}
